{
  "name": "fishyboids",
  "version": "1.0.0",
  "lockfileVersion": 1,
  "requires": true,
  "dependencies": {
    "@types/dat-gui": {
      "version": "0.6.3",
      "resolved": "https://registry.npmjs.org/@types/dat-gui/-/dat-gui-0.6.3.tgz",
      "integrity": "sha512-N0JUd1/jrKQ00w0lz6uyx/4XhJ+qQb9Ir05DEzP4YS5N+vQUyKtcyVBG/u+NF7EkAkHHYDyzpvYf0AMS89R2OQ=="
    },
    "@types/three": {
      "version": "0.84.19",
      "resolved": "https://registry.npmjs.org/@types/three/-/three-0.84.19.tgz",
      "integrity": "sha512-5oBjFOGsJ6cvRaPQC+4S9Za5t3ng+HRr04MQJ75bn2O6W3hdxEE4jZGMCvf1br6EZUJBWHGiQV3+ta2KFQisIg==",
      "dev": true,
      "requires": {
        "@types/webvr-api": "0.0.31"
      }
    },
    "@types/webvr-api": {
      "version": "0.0.31",
      "resolved": "https://registry.npmjs.org/@types/webvr-api/-/webvr-api-0.0.31.tgz",
      "integrity": "sha1-9gYf6IoDXTSotqDFX4dYkB7IoI4=",
      "dev": true
    }
  }
}
